
Microsoft Visual Studio Solution File, Format Version 12.00
# Visual Studio 15
VisualStudioVersion = 15.0.27703.2000
MinimumVisualStudioVersion = 10.0.40219.1
Project("{FAE04EC0-301F-11D3-BF4B-00C04F79EFBC}") = "NotificationSender", "NotificationSender\NotificationSender.csproj", "{6DD068FF-9DF2-450E-BC71-913A5DA3FB2B}"
EndProject
Project("{FAE04EC0-301F-11D3-BF4B-00C04F79EFBC}") = "NotificationConsumer", "NotificationConsumer\NotificationConsumer.csproj", "{5A5FDC75-2336-4493-85A2-91C587A7873C}"
EndProject
Global
	GlobalSection(SolutionConfigurationPlatforms) = preSolution
		Debug|Any CPU = Debug|Any CPU
		Release|Any CPU = Release|Any CPU
	EndGlobalSection
	GlobalSection(ProjectConfigurationPlatforms) = postSolution
		{6DD068FF-9DF2-450E-BC71-913A5DA3FB2B}.Debug|Any CPU.ActiveCfg = Debug|Any CPU
		{6DD068FF-9DF2-450E-BC71-913A5DA3FB2B}.Debug|Any CPU.Build.0 = Debug|Any CPU
		{6DD068FF-9DF2-450E-BC71-913A5DA3FB2B}.Release|Any CPU.ActiveCfg = Release|Any CPU
		{6DD068FF-9DF2-450E-BC71-913A5DA3FB2B}.Release|Any CPU.Build.0 = Release|Any CPU
		{5A5FDC75-2336-4493-85A2-91C587A7873C}.Debug|Any CPU.ActiveCfg = Debug|Any CPU
		{5A5FDC75-2336-4493-85A2-91C587A7873C}.Debug|Any CPU.Build.0 = Debug|Any CPU
		{5A5FDC75-2336-4493-85A2-91C587A7873C}.Release|Any CPU.ActiveCfg = Release|Any CPU
		{5A5FDC75-2336-4493-85A2-91C587A7873C}.Release|Any CPU.Build.0 = Release|Any CPU
	EndGlobalSection
	GlobalSection(SolutionProperties) = preSolution
		HideSolutionNode = FALSE
	EndGlobalSection
	GlobalSection(ExtensibilityGlobals) = postSolution
		SolutionGuid = {36563239-2883-45CC-BCF4-0665701CE0D1}
	EndGlobalSection
EndGlobal
