
Microsoft Visual Studio Solution File, Format Version 12.00
# Visual Studio 15
VisualStudioVersion = 15.0.27703.2000
MinimumVisualStudioVersion = 10.0.40219.1
Project("{FAE04EC0-301F-11D3-BF4B-00C04F79EFBC}") = "ChessGame", "ChessGame\ChessGame.csproj", "{5C6F4DEA-6930-455B-8FB1-7DB5CA3E52ED}"
EndProject
Global
	GlobalSection(SolutionConfigurationPlatforms) = preSolution
		Debug|Any CPU = Debug|Any CPU
		Release|Any CPU = Release|Any CPU
	EndGlobalSection
	GlobalSection(ProjectConfigurationPlatforms) = postSolution
		{5C6F4DEA-6930-455B-8FB1-7DB5CA3E52ED}.Debug|Any CPU.ActiveCfg = Debug|Any CPU
		{5C6F4DEA-6930-455B-8FB1-7DB5CA3E52ED}.Debug|Any CPU.Build.0 = Debug|Any CPU
		{5C6F4DEA-6930-455B-8FB1-7DB5CA3E52ED}.Release|Any CPU.ActiveCfg = Release|Any CPU
		{5C6F4DEA-6930-455B-8FB1-7DB5CA3E52ED}.Release|Any CPU.Build.0 = Release|Any CPU
	EndGlobalSection
	GlobalSection(SolutionProperties) = preSolution
		HideSolutionNode = FALSE
	EndGlobalSection
	GlobalSection(ExtensibilityGlobals) = postSolution
		SolutionGuid = {78E9983E-E135-4941-A146-307A206DC483}
	EndGlobalSection
EndGlobal
