
Microsoft Visual Studio Solution File, Format Version 12.00
# Visual Studio 15
VisualStudioVersion = 15.0.27703.2000
MinimumVisualStudioVersion = 10.0.40219.1
Project("{FAE04EC0-301F-11D3-BF4B-00C04F79EFBC}") = "Lab1", "Lab1\Lab1.csproj", "{E26DD71E-72BD-4B61-810F-CA825E874A3F}"
EndProject
Global
	GlobalSection(SolutionConfigurationPlatforms) = preSolution
		Debug|Any CPU = Debug|Any CPU
		Release|Any CPU = Release|Any CPU
	EndGlobalSection
	GlobalSection(ProjectConfigurationPlatforms) = postSolution
		{E26DD71E-72BD-4B61-810F-CA825E874A3F}.Debug|Any CPU.ActiveCfg = Debug|Any CPU
		{E26DD71E-72BD-4B61-810F-CA825E874A3F}.Debug|Any CPU.Build.0 = Debug|Any CPU
		{E26DD71E-72BD-4B61-810F-CA825E874A3F}.Release|Any CPU.ActiveCfg = Release|Any CPU
		{E26DD71E-72BD-4B61-810F-CA825E874A3F}.Release|Any CPU.Build.0 = Release|Any CPU
	EndGlobalSection
	GlobalSection(SolutionProperties) = preSolution
		HideSolutionNode = FALSE
	EndGlobalSection
	GlobalSection(ExtensibilityGlobals) = postSolution
		SolutionGuid = {D9812220-AFD3-4572-B383-D0E4D726202E}
	EndGlobalSection
EndGlobal
