
Microsoft Visual Studio Solution File, Format Version 12.00
# Visual Studio 15
VisualStudioVersion = 15.0.27703.2000
MinimumVisualStudioVersion = 10.0.40219.1
Project("{FAE04EC0-301F-11D3-BF4B-00C04F79EFBC}") = "EmitTopic", "EmitTopic\EmitTopic.csproj", "{9822CFC4-EB2D-4197-B666-C167FD070C11}"
EndProject
Project("{FAE04EC0-301F-11D3-BF4B-00C04F79EFBC}") = "ReceiverUSA", "ReceiverTopic\ReceiverUSA.csproj", "{3A673A13-039A-4548-9A00-A8BDF9130C57}"
EndProject
Project("{FAE04EC0-301F-11D3-BF4B-00C04F79EFBC}") = "ReceiverEurope", "ReceiverEurope\ReceiverEurope.csproj", "{62DABF93-BD17-46F3-A7AB-B3E97800704E}"
EndProject
Global
	GlobalSection(SolutionConfigurationPlatforms) = preSolution
		Debug|Any CPU = Debug|Any CPU
		Release|Any CPU = Release|Any CPU
	EndGlobalSection
	GlobalSection(ProjectConfigurationPlatforms) = postSolution
		{9822CFC4-EB2D-4197-B666-C167FD070C11}.Debug|Any CPU.ActiveCfg = Debug|Any CPU
		{9822CFC4-EB2D-4197-B666-C167FD070C11}.Debug|Any CPU.Build.0 = Debug|Any CPU
		{9822CFC4-EB2D-4197-B666-C167FD070C11}.Release|Any CPU.ActiveCfg = Release|Any CPU
		{9822CFC4-EB2D-4197-B666-C167FD070C11}.Release|Any CPU.Build.0 = Release|Any CPU
		{3A673A13-039A-4548-9A00-A8BDF9130C57}.Debug|Any CPU.ActiveCfg = Debug|Any CPU
		{3A673A13-039A-4548-9A00-A8BDF9130C57}.Debug|Any CPU.Build.0 = Debug|Any CPU
		{3A673A13-039A-4548-9A00-A8BDF9130C57}.Release|Any CPU.ActiveCfg = Release|Any CPU
		{3A673A13-039A-4548-9A00-A8BDF9130C57}.Release|Any CPU.Build.0 = Release|Any CPU
		{62DABF93-BD17-46F3-A7AB-B3E97800704E}.Debug|Any CPU.ActiveCfg = Debug|Any CPU
		{62DABF93-BD17-46F3-A7AB-B3E97800704E}.Debug|Any CPU.Build.0 = Debug|Any CPU
		{62DABF93-BD17-46F3-A7AB-B3E97800704E}.Release|Any CPU.ActiveCfg = Release|Any CPU
		{62DABF93-BD17-46F3-A7AB-B3E97800704E}.Release|Any CPU.Build.0 = Release|Any CPU
	EndGlobalSection
	GlobalSection(SolutionProperties) = preSolution
		HideSolutionNode = FALSE
	EndGlobalSection
	GlobalSection(ExtensibilityGlobals) = postSolution
		SolutionGuid = {87C6D4BB-2BEA-4B29-AF91-10142737F3EE}
	EndGlobalSection
EndGlobal
